
Microsoft Visual Studio Solution File, Format Version 12.00
Project("{FAE04EC0-301F-11D3-BF4B-00C04F79EFBC}") = "cw9cwcw", "cw9cwcw\cw9cwcw.csproj", "{1E5A38BD-E2FD-4DA3-8B6E-CB0A7B9D2AAD}"
EndProject
Global
	GlobalSection(SolutionConfigurationPlatforms) = preSolution
		Debug|Any CPU = Debug|Any CPU
		Release|Any CPU = Release|Any CPU
	EndGlobalSection
	GlobalSection(ProjectConfigurationPlatforms) = postSolution
		{1E5A38BD-E2FD-4DA3-8B6E-CB0A7B9D2AAD}.Debug|Any CPU.ActiveCfg = Debug|Any CPU
		{1E5A38BD-E2FD-4DA3-8B6E-CB0A7B9D2AAD}.Debug|Any CPU.Build.0 = Debug|Any CPU
		{1E5A38BD-E2FD-4DA3-8B6E-CB0A7B9D2AAD}.Release|Any CPU.ActiveCfg = Release|Any CPU
		{1E5A38BD-E2FD-4DA3-8B6E-CB0A7B9D2AAD}.Release|Any CPU.Build.0 = Release|Any CPU
	EndGlobalSection
EndGlobal
